// !$*UTF8*$!
{
	archiveVersion = 1;
	classes = {
	};
	objectVersion = 56;
	objects = {

/* Begin PBXBuildFile section */
		D648137E2A0834F700CC7D62 /* DessertRecipesApp.swift in Sources */ = {isa = PBXBuildFile; fileRef = D648137D2A0834F700CC7D62 /* DessertRecipesApp.swift */; };
		D64813802A0834F700CC7D62 /* DessertListView.swift in Sources */ = {isa = PBXBuildFile; fileRef = D648137F2A0834F700CC7D62 /* DessertListView.swift */; };
		D64813822A0834F800CC7D62 /* Assets.xcassets in Resources */ = {isa = PBXBuildFile; fileRef = D64813812A0834F800CC7D62 /* Assets.xcassets */; };
		D64813852A0834F800CC7D62 /* Preview Assets.xcassets in Resources */ = {isa = PBXBuildFile; fileRef = D64813842A0834F800CC7D62 /* Preview Assets.xcassets */; };
		D64813902A0836F100CC7D62 /* ContentModel.swift in Sources */ = {isa = PBXBuildFile; fileRef = D648138F2A0836F100CC7D62 /* ContentModel.swift */; };
		D64813922A083A0B00CC7D62 /* Constants.swift in Sources */ = {isa = PBXBuildFile; fileRef = D64813912A083A0B00CC7D62 /* Constants.swift */; };
		D64813942A084A8E00CC7D62 /* DessertDetailView.swift in Sources */ = {isa = PBXBuildFile; fileRef = D64813932A084A8E00CC7D62 /* DessertDetailView.swift */; };
		D64813962A099EE700CC7D62 /* Dessert.swift in Sources */ = {isa = PBXBuildFile; fileRef = D64813952A099EE700CC7D62 /* Dessert.swift */; };
		D64813982A0AC2A800CC7D62 /* DessertSearch.swift in Sources */ = {isa = PBXBuildFile; fileRef = D64813972A0AC2A800CC7D62 /* DessertSearch.swift */; };
		D648139A2A0ACFCC00CC7D62 /* DessertListRow.swift in Sources */ = {isa = PBXBuildFile; fileRef = D64813992A0ACFCC00CC7D62 /* DessertListRow.swift */; };
		D648139C2A0AF52100CC7D62 /* DessertDetail.swift in Sources */ = {isa = PBXBuildFile; fileRef = D648139B2A0AF52100CC7D62 /* DessertDetail.swift */; };
		D648139E2A0AFA9400CC7D62 /* DessertDetailsSearch.swift in Sources */ = {isa = PBXBuildFile; fileRef = D648139D2A0AFA9400CC7D62 /* DessertDetailsSearch.swift */; };
/* End PBXBuildFile section */

/* Begin PBXFileReference section */
		D648137A2A0834F700CC7D62 /* DessertRecipes.app */ = {isa = PBXFileReference; explicitFileType = wrapper.application; includeInIndex = 0; path = DessertRecipes.app; sourceTree = BUILT_PRODUCTS_DIR; };
		D648137D2A0834F700CC7D62 /* DessertRecipesApp.swift */ = {isa = PBXFileReference; lastKnownFileType = sourcecode.swift; path = DessertRecipesApp.swift; sourceTree = "<group>"; };
		D648137F2A0834F700CC7D62 /* DessertListView.swift */ = {isa = PBXFileReference; lastKnownFileType = sourcecode.swift; path = DessertListView.swift; sourceTree = "<group>"; };
		D64813812A0834F800CC7D62 /* Assets.xcassets */ = {isa = PBXFileReference; lastKnownFileType = folder.assetcatalog; path = Assets.xcassets; sourceTree = "<group>"; };
		D64813842A0834F800CC7D62 /* Preview Assets.xcassets */ = {isa = PBXFileReference; lastKnownFileType = folder.assetcatalog; path = "Preview Assets.xcassets"; sourceTree = "<group>"; };
		D648138F2A0836F100CC7D62 /* ContentModel.swift */ = {isa = PBXFileReference; lastKnownFileType = sourcecode.swift; path = ContentModel.swift; sourceTree = "<group>"; };
		D64813912A083A0B00CC7D62 /* Constants.swift */ = {isa = PBXFileReference; lastKnownFileType = sourcecode.swift; path = Constants.swift; sourceTree = "<group>"; };
		D64813932A084A8E00CC7D62 /* DessertDetailView.swift */ = {isa = PBXFileReference; lastKnownFileType = sourcecode.swift; path = DessertDetailView.swift; sourceTree = "<group>"; };
		D64813952A099EE700CC7D62 /* Dessert.swift */ = {isa = PBXFileReference; lastKnownFileType = sourcecode.swift; path = Dessert.swift; sourceTree = "<group>"; };
		D64813972A0AC2A800CC7D62 /* DessertSearch.swift */ = {isa = PBXFileReference; lastKnownFileType = sourcecode.swift; path = DessertSearch.swift; sourceTree = "<group>"; };
		D64813992A0ACFCC00CC7D62 /* DessertListRow.swift */ = {isa = PBXFileReference; lastKnownFileType = sourcecode.swift; path = DessertListRow.swift; sourceTree = "<group>"; };
		D648139B2A0AF52100CC7D62 /* DessertDetail.swift */ = {isa = PBXFileReference; lastKnownFileType = sourcecode.swift; path = DessertDetail.swift; sourceTree = "<group>"; };
		D648139D2A0AFA9400CC7D62 /* DessertDetailsSearch.swift */ = {isa = PBXFileReference; lastKnownFileType = sourcecode.swift; path = DessertDetailsSearch.swift; sourceTree = "<group>"; };
/* End PBXFileReference section */

/* Begin PBXFrameworksBuildPhase section */
		D64813772A0834F700CC7D62 /* Frameworks */ = {
			isa = PBXFrameworksBuildPhase;
			buildActionMask = 2147483647;
			files = (
			);
			runOnlyForDeploymentPostprocessing = 0;
		};
/* End PBXFrameworksBuildPhase section */

/* Begin PBXGroup section */
		D64813712A0834F700CC7D62 = {
			isa = PBXGroup;
			children = (
				D648137C2A0834F700CC7D62 /* DessertRecipes */,
				D648137B2A0834F700CC7D62 /* Products */,
			);
			sourceTree = "<group>";
		};
		D648137B2A0834F700CC7D62 /* Products */ = {
			isa = PBXGroup;
			children = (
				D648137A2A0834F700CC7D62 /* DessertRecipes.app */,
			);
			name = Products;
			sourceTree = "<group>";
		};
		D648137C2A0834F700CC7D62 /* DessertRecipes */ = {
			isa = PBXGroup;
			children = (
				D648137D2A0834F700CC7D62 /* DessertRecipesApp.swift */,
				D648138B2A08358F00CC7D62 /* Views */,
				D648138C2A08359900CC7D62 /* ViewModels */,
				D648138D2A0835A600CC7D62 /* Models */,
				D648138E2A0835DD00CC7D62 /* Utilities */,
				D64813812A0834F800CC7D62 /* Assets.xcassets */,
				D64813832A0834F800CC7D62 /* Preview Content */,
			);
			path = DessertRecipes;
			sourceTree = "<group>";
		};
		D64813832A0834F800CC7D62 /* Preview Content */ = {
			isa = PBXGroup;
			children = (
				D64813842A0834F800CC7D62 /* Preview Assets.xcassets */,
			);
			path = "Preview Content";
			sourceTree = "<group>";
		};
		D648138B2A08358F00CC7D62 /* Views */ = {
			isa = PBXGroup;
			children = (
				D648137F2A0834F700CC7D62 /* DessertListView.swift */,
				D64813992A0ACFCC00CC7D62 /* DessertListRow.swift */,
				D64813932A084A8E00CC7D62 /* DessertDetailView.swift */,
			);
			path = Views;
			sourceTree = "<group>";
		};
		D648138C2A08359900CC7D62 /* ViewModels */ = {
			isa = PBXGroup;
			children = (
				D648138F2A0836F100CC7D62 /* ContentModel.swift */,
			);
			path = ViewModels;
			sourceTree = "<group>";
		};
		D648138D2A0835A600CC7D62 /* Models */ = {
			isa = PBXGroup;
			children = (
				D64813952A099EE700CC7D62 /* Dessert.swift */,
				D64813972A0AC2A800CC7D62 /* DessertSearch.swift */,
				D648139B2A0AF52100CC7D62 /* DessertDetail.swift */,
				D648139D2A0AFA9400CC7D62 /* DessertDetailsSearch.swift */,
			);
			path = Models;
			sourceTree = "<group>";
		};
		D648138E2A0835DD00CC7D62 /* Utilities */ = {
			isa = PBXGroup;
			children = (
				D64813912A083A0B00CC7D62 /* Constants.swift */,
			);
			path = Utilities;
			sourceTree = "<group>";
		};
/* End PBXGroup section */

/* Begin PBXNativeTarget section */
		D64813792A0834F700CC7D62 /* DessertRecipes */ = {
			isa = PBXNativeTarget;
			buildConfigurationList = D64813882A0834F800CC7D62 /* Build configuration list for PBXNativeTarget "DessertRecipes" */;
			buildPhases = (
				D64813762A0834F700CC7D62 /* Sources */,
				D64813772A0834F700CC7D62 /* Frameworks */,
				D64813782A0834F700CC7D62 /* Resources */,
			);
			buildRules = (
			);
			dependencies = (
			);
			name = DessertRecipes;
			productName = DessertRecipes;
			productReference = D648137A2A0834F700CC7D62 /* DessertRecipes.app */;
			productType = "com.apple.product-type.application";
		};
/* End PBXNativeTarget section */

/* Begin PBXProject section */
		D64813722A0834F700CC7D62 /* Project object */ = {
			isa = PBXProject;
			attributes = {
				BuildIndependentTargetsInParallel = 1;
				LastSwiftUpdateCheck = 1430;
				LastUpgradeCheck = 1430;
				TargetAttributes = {
					D64813792A0834F700CC7D62 = {
						CreatedOnToolsVersion = 14.3;
					};
				};
			};
			buildConfigurationList = D64813752A0834F700CC7D62 /* Build configuration list for PBXProject "DessertRecipes" */;
			compatibilityVersion = "Xcode 14.0";
			developmentRegion = en;
			hasScannedForEncodings = 0;
			knownRegions = (
				en,
				Base,
			);
			mainGroup = D64813712A0834F700CC7D62;
			productRefGroup = D648137B2A0834F700CC7D62 /* Products */;
			projectDirPath = "";
			projectRoot = "";
			targets = (
				D64813792A0834F700CC7D62 /* DessertRecipes */,
			);
		};
/* End PBXProject section */

/* Begin PBXResourcesBuildPhase section */
		D64813782A0834F700CC7D62 /* Resources */ = {
			isa = PBXResourcesBuildPhase;
			buildActionMask = 2147483647;
			files = (
				D64813852A0834F800CC7D62 /* Preview Assets.xcassets in Resources */,
				D64813822A0834F800CC7D62 /* Assets.xcassets in Resources */,
			);
			runOnlyForDeploymentPostprocessing = 0;
		};
/* End PBXResourcesBuildPhase section */

/* Begin PBXSourcesBuildPhase section */
		D64813762A0834F700CC7D62 /* Sources */ = {
			isa = PBXSourcesBuildPhase;
			buildActionMask = 2147483647;
			files = (
				D64813802A0834F700CC7D62 /* DessertListView.swift in Sources */,
				D648139C2A0AF52100CC7D62 /* DessertDetail.swift in Sources */,
				D648137E2A0834F700CC7D62 /* DessertRecipesApp.swift in Sources */,
				D648139E2A0AFA9400CC7D62 /* DessertDetailsSearch.swift in Sources */,
				D64813942A084A8E00CC7D62 /* DessertDetailView.swift in Sources */,
				D64813982A0AC2A800CC7D62 /* DessertSearch.swift in Sources */,
				D64813902A0836F100CC7D62 /* ContentModel.swift in Sources */,
				D648139A2A0ACFCC00CC7D62 /* DessertListRow.swift in Sources */,
				D64813962A099EE700CC7D62 /* Dessert.swift in Sources */,
				D64813922A083A0B00CC7D62 /* Constants.swift in Sources */,
			);
			runOnlyForDeploymentPostprocessing = 0;
		};
/* End PBXSourcesBuildPhase section */

/* Begin XCBuildConfiguration section */
		D64813862A0834F800CC7D62 /* Debug */ = {
			isa = XCBuildConfiguration;
			buildSettings = {
				ALWAYS_SEARCH_USER_PATHS = NO;
				CLANG_ANALYZER_NONNULL = YES;
				CLANG_ANALYZER_NUMBER_OBJECT_CONVERSION = YES_AGGRESSIVE;
				CLANG_CXX_LANGUAGE_STANDARD = "gnu++20";
				CLANG_ENABLE_MODULES = YES;
				CLANG_ENABLE_OBJC_ARC = YES;
				CLANG_ENABLE_OBJC_WEAK = YES;
				CLANG_WARN_BLOCK_CAPTURE_AUTORELEASING = YES;
				CLANG_WARN_BOOL_CONVERSION = YES;
				CLANG_WARN_COMMA = YES;
				CLANG_WARN_CONSTANT_CONVERSION = YES;
				CLANG_WARN_DEPRECATED_OBJC_IMPLEMENTATIONS = YES;
				CLANG_WARN_DIRECT_OBJC_ISA_USAGE = YES_ERROR;
				CLANG_WARN_DOCUMENTATION_COMMENTS = YES;
				CLANG_WARN_EMPTY_BODY = YES;
				CLANG_WARN_ENUM_CONVERSION = YES;
				CLANG_WARN_INFINITE_RECURSION = YES;
				CLANG_WARN_INT_CONVERSION = YES;
				CLANG_WARN_NON_LITERAL_NULL_CONVERSION = YES;
				CLANG_WARN_OBJC_IMPLICIT_RETAIN_SELF = YES;
				CLANG_WARN_OBJC_LITERAL_CONVERSION = YES;
				CLANG_WARN_OBJC_ROOT_CLASS = YES_ERROR;
				CLANG_WARN_QUOTED_INCLUDE_IN_FRAMEWORK_HEADER = YES;
				CLANG_WARN_RANGE_LOOP_ANALYSIS = YES;
				CLANG_WARN_STRICT_PROTOTYPES = YES;
				CLANG_WARN_SUSPICIOUS_MOVE = YES;
				CLANG_WARN_UNGUARDED_AVAILABILITY = YES_AGGRESSIVE;
				CLANG_WARN_UNREACHABLE_CODE = YES;
				CLANG_WARN__DUPLICATE_METHOD_MATCH = YES;
				COPY_PHASE_STRIP = NO;
				DEBUG_INFORMATION_FORMAT = dwarf;
				ENABLE_STRICT_OBJC_MSGSEND = YES;
				ENABLE_TESTABILITY = YES;
				GCC_C_LANGUAGE_STANDARD = gnu11;
				GCC_DYNAMIC_NO_PIC = NO;
				GCC_NO_COMMON_BLOCKS = YES;
				GCC_OPTIMIZATION_LEVEL = 0;
				GCC_PREPROCESSOR_DEFINITIONS = (
					"DEBUG=1",
					"$(inherited)",
				);
				GCC_WARN_64_TO_32_BIT_CONVERSION = YES;
				GCC_WARN_ABOUT_RETURN_TYPE = YES_ERROR;
				GCC_WARN_UNDECLARED_SELECTOR = YES;
				GCC_WARN_UNINITIALIZED_AUTOS = YES_AGGRESSIVE;
				GCC_WARN_UNUSED_FUNCTION = YES;
				GCC_WARN_UNUSED_VARIABLE = YES;
				IPHONEOS_DEPLOYMENT_TARGET = 16.4;
				MTL_ENABLE_DEBUG_INFO = INCLUDE_SOURCE;
				MTL_FAST_MATH = YES;
				ONLY_ACTIVE_ARCH = YES;
				SDKROOT = iphoneos;
				SWIFT_ACTIVE_COMPILATION_CONDITIONS = DEBUG;
				SWIFT_OPTIMIZATION_LEVEL = "-Onone";
			};
			name = Debug;
		};
		D64813872A0834F800CC7D62 /* Release */ = {
			isa = XCBuildConfiguration;
			buildSettings = {
				ALWAYS_SEARCH_USER_PATHS = NO;
				CLANG_ANALYZER_NONNULL = YES;
				CLANG_ANALYZER_NUMBER_OBJECT_CONVERSION = YES_AGGRESSIVE;
				CLANG_CXX_LANGUAGE_STANDARD = "gnu++20";
				CLANG_ENABLE_MODULES = YES;
				CLANG_ENABLE_OBJC_ARC = YES;
				CLANG_ENABLE_OBJC_WEAK = YES;
				CLANG_WARN_BLOCK_CAPTURE_AUTORELEASING = YES;
				CLANG_WARN_BOOL_CONVERSION = YES;
				CLANG_WARN_COMMA = YES;
				CLANG_WARN_CONSTANT_CONVERSION = YES;
				CLANG_WARN_DEPRECATED_OBJC_IMPLEMENTATIONS = YES;
				CLANG_WARN_DIRECT_OBJC_ISA_USAGE = YES_ERROR;
				CLANG_WARN_DOCUMENTATION_COMMENTS = YES;
				CLANG_WARN_EMPTY_BODY = YES;
				CLANG_WARN_ENUM_CONVERSION = YES;
				CLANG_WARN_INFINITE_RECURSION = YES;
				CLANG_WARN_INT_CONVERSION = YES;
				CLANG_WARN_NON_LITERAL_NULL_CONVERSION = YES;
				CLANG_WARN_OBJC_IMPLICIT_RETAIN_SELF = YES;
				CLANG_WARN_OBJC_LITERAL_CONVERSION = YES;
				CLANG_WARN_OBJC_ROOT_CLASS = YES_ERROR;
				CLANG_WARN_QUOTED_INCLUDE_IN_FRAMEWORK_HEADER = YES;
				CLANG_WARN_RANGE_LOOP_ANALYSIS = YES;
				CLANG_WARN_STRICT_PROTOTYPES = YES;
				CLANG_WARN_SUSPICIOUS_MOVE = YES;
				CLANG_WARN_UNGUARDED_AVAILABILITY = YES_AGGRESSIVE;
				CLANG_WARN_UNREACHABLE_CODE = YES;
				CLANG_WARN__DUPLICATE_METHOD_MATCH = YES;
				COPY_PHASE_STRIP = NO;
				DEBUG_INFORMATION_FORMAT = "dwarf-with-dsym";
				ENABLE_NS_ASSERTIONS = NO;
				ENABLE_STRICT_OBJC_MSGSEND = YES;
				GCC_C_LANGUAGE_STANDARD = gnu11;
				GCC_NO_COMMON_BLOCKS = YES;
				GCC_WARN_64_TO_32_BIT_CONVERSION = YES;
				GCC_WARN_ABOUT_RETURN_TYPE = YES_ERROR;
				GCC_WARN_UNDECLARED_SELECTOR = YES;
				GCC_WARN_UNINITIALIZED_AUTOS = YES_AGGRESSIVE;
				GCC_WARN_UNUSED_FUNCTION = YES;
				GCC_WARN_UNUSED_VARIABLE = YES;
				IPHONEOS_DEPLOYMENT_TARGET = 16.4;
				MTL_ENABLE_DEBUG_INFO = NO;
				MTL_FAST_MATH = YES;
				SDKROOT = iphoneos;
				SWIFT_COMPILATION_MODE = wholemodule;
				SWIFT_OPTIMIZATION_LEVEL = "-O";
				VALIDATE_PRODUCT = YES;
			};
			name = Release;
		};
		D64813892A0834F800CC7D62 /* Debug */ = {
			isa = XCBuildConfiguration;
			buildSettings = {
				ASSETCATALOG_COMPILER_APPICON_NAME = AppIcon;
				ASSETCATALOG_COMPILER_GLOBAL_ACCENT_COLOR_NAME = AccentColor;
				CODE_SIGN_STYLE = Automatic;
				CURRENT_PROJECT_VERSION = 1;
				DEVELOPMENT_ASSET_PATHS = "\"DessertRecipes/Preview Content\"";
				ENABLE_PREVIEWS = YES;
				GENERATE_INFOPLIST_FILE = YES;
				INFOPLIST_KEY_UIApplicationSceneManifest_Generation = YES;
				INFOPLIST_KEY_UIApplicationSupportsIndirectInputEvents = YES;
				INFOPLIST_KEY_UILaunchScreen_Generation = YES;
				INFOPLIST_KEY_UISupportedInterfaceOrientations_iPad = "UIInterfaceOrientationPortrait UIInterfaceOrientationPortraitUpsideDown UIInterfaceOrientationLandscapeLeft UIInterfaceOrientationLandscapeRight";
				INFOPLIST_KEY_UISupportedInterfaceOrientations_iPhone = "UIInterfaceOrientationPortrait UIInterfaceOrientationLandscapeLeft UIInterfaceOrientationLandscapeRight";
				LD_RUNPATH_SEARCH_PATHS = (
					"$(inherited)",
					"@executable_path/Frameworks",
				);
				MARKETING_VERSION = 1.0;
				PRODUCT_BUNDLE_IDENTIFIER = com.colstin.DessertRecipes;
				PRODUCT_NAME = "$(TARGET_NAME)";
				SWIFT_EMIT_LOC_STRINGS = YES;
				SWIFT_VERSION = 5.0;
				TARGETED_DEVICE_FAMILY = "1,2";
			};
			name = Debug;
		};
		D648138A2A0834F800CC7D62 /* Release */ = {
			isa = XCBuildConfiguration;
			buildSettings = {
				ASSETCATALOG_COMPILER_APPICON_NAME = AppIcon;
				ASSETCATALOG_COMPILER_GLOBAL_ACCENT_COLOR_NAME = AccentColor;
				CODE_SIGN_STYLE = Automatic;
				CURRENT_PROJECT_VERSION = 1;
				DEVELOPMENT_ASSET_PATHS = "\"DessertRecipes/Preview Content\"";
				ENABLE_PREVIEWS = YES;
				GENERATE_INFOPLIST_FILE = YES;
				INFOPLIST_KEY_UIApplicationSceneManifest_Generation = YES;
				INFOPLIST_KEY_UIApplicationSupportsIndirectInputEvents = YES;
				INFOPLIST_KEY_UILaunchScreen_Generation = YES;
				INFOPLIST_KEY_UISupportedInterfaceOrientations_iPad = "UIInterfaceOrientationPortrait UIInterfaceOrientationPortraitUpsideDown UIInterfaceOrientationLandscapeLeft UIInterfaceOrientationLandscapeRight";
				INFOPLIST_KEY_UISupportedInterfaceOrientations_iPhone = "UIInterfaceOrientationPortrait UIInterfaceOrientationLandscapeLeft UIInterfaceOrientationLandscapeRight";
				LD_RUNPATH_SEARCH_PATHS = (
					"$(inherited)",
					"@executable_path/Frameworks",
				);
				MARKETING_VERSION = 1.0;
				PRODUCT_BUNDLE_IDENTIFIER = com.colstin.DessertRecipes;
				PRODUCT_NAME = "$(TARGET_NAME)";
				SWIFT_EMIT_LOC_STRINGS = YES;
				SWIFT_VERSION = 5.0;
				TARGETED_DEVICE_FAMILY = "1,2";
			};
			name = Release;
		};
/* End XCBuildConfiguration section */

/* Begin XCConfigurationList section */
		D64813752A0834F700CC7D62 /* Build configuration list for PBXProject "DessertRecipes" */ = {
			isa = XCConfigurationList;
			buildConfigurations = (
				D64813862A0834F800CC7D62 /* Debug */,
				D64813872A0834F800CC7D62 /* Release */,
			);
			defaultConfigurationIsVisible = 0;
			defaultConfigurationName = Release;
		};
		D64813882A0834F800CC7D62 /* Build configuration list for PBXNativeTarget "DessertRecipes" */ = {
			isa = XCConfigurationList;
			buildConfigurations = (
				D64813892A0834F800CC7D62 /* Debug */,
				D648138A2A0834F800CC7D62 /* Release */,
			);
			defaultConfigurationIsVisible = 0;
			defaultConfigurationName = Release;
		};
/* End XCConfigurationList section */
	};
	rootObject = D64813722A0834F700CC7D62 /* Project object */;
}
